// !$*UTF8*$!
{
	archiveVersion = 1;
	classes = {
	};
	objectVersion = 50;
	objects = {

/* Begin PBXBuildFile section */
		EE2684C32156D5AE0074F14D /* Level.swift in Sources */ = {isa = PBXBuildFile; fileRef = EE2684C22156D5AE0074F14D /* Level.swift */; };
		EE2684C52156DBA90074F14D /* LevelOne.swift in Sources */ = {isa = PBXBuildFile; fileRef = EE2684C42156DBA90074F14D /* LevelOne.swift */; };
		EE2684C92157BB410074F14D /* NodeMovement.swift in Sources */ = {isa = PBXBuildFile; fileRef = EE2684C82157BB410074F14D /* NodeMovement.swift */; };
		EE3B2DB021791344002F0C9B /* MoveRandomlySlowly.swift in Sources */ = {isa = PBXBuildFile; fileRef = EE3B2DAF21791344002F0C9B /* MoveRandomlySlowly.swift */; };
		EE4989F7215BF43A00E72FA7 /* LevelThree.swift in Sources */ = {isa = PBXBuildFile; fileRef = EE4989F6215BF43A00E72FA7 /* LevelThree.swift */; };
		EE4989F9215BF4B600E72FA7 /* LevelFour.swift in Sources */ = {isa = PBXBuildFile; fileRef = EE4989F8215BF4B600E72FA7 /* LevelFour.swift */; };
		EE4989FB215BF4E600E72FA7 /* MoveHorizontallytSlowly.swift in Sources */ = {isa = PBXBuildFile; fileRef = EE4989FA215BF4E600E72FA7 /* MoveHorizontallytSlowly.swift */; };
		EE4989FD215BF62D00E72FA7 /* LevelFive.swift in Sources */ = {isa = PBXBuildFile; fileRef = EE4989FC215BF62D00E72FA7 /* LevelFive.swift */; };
		EE67C340215BF86400048AC4 /* LevelSix.swift in Sources */ = {isa = PBXBuildFile; fileRef = EE67C33F215BF86400048AC4 /* LevelSix.swift */; };
		EE67C342215BF88700048AC4 /* LevelSeven.swift in Sources */ = {isa = PBXBuildFile; fileRef = EE67C341215BF88700048AC4 /* LevelSeven.swift */; };
		EE67C344215BF8AB00048AC4 /* LevelEight.swift in Sources */ = {isa = PBXBuildFile; fileRef = EE67C343215BF8AB00048AC4 /* LevelEight.swift */; };
		EE68ADB82156815700903083 /* AppDelegate.swift in Sources */ = {isa = PBXBuildFile; fileRef = EE68ADB72156815700903083 /* AppDelegate.swift */; };
		EE68ADBE2156815700903083 /* GameScene.swift in Sources */ = {isa = PBXBuildFile; fileRef = EE68ADBD2156815700903083 /* GameScene.swift */; };
		EE68ADC02156815700903083 /* GameViewController.swift in Sources */ = {isa = PBXBuildFile; fileRef = EE68ADBF2156815700903083 /* GameViewController.swift */; };
		EE68ADC32156815700903083 /* Main.storyboard in Resources */ = {isa = PBXBuildFile; fileRef = EE68ADC12156815700903083 /* Main.storyboard */; };
		EE68ADC52156815800903083 /* Assets.xcassets in Resources */ = {isa = PBXBuildFile; fileRef = EE68ADC42156815800903083 /* Assets.xcassets */; };
		EE68ADC82156815800903083 /* LaunchScreen.storyboard in Resources */ = {isa = PBXBuildFile; fileRef = EE68ADC62156815800903083 /* LaunchScreen.storyboard */; };
		EE68ADD42156B48B00903083 /* Target.swift in Sources */ = {isa = PBXBuildFile; fileRef = EE68ADD32156B48B00903083 /* Target.swift */; };
		EE7D169521721B0F0060E78E /* TimeIndicatorBar.swift in Sources */ = {isa = PBXBuildFile; fileRef = EE7D169421721B0F0060E78E /* TimeIndicatorBar.swift */; };
		EE7D1697217247BA0060E78E /* HUD.swift in Sources */ = {isa = PBXBuildFile; fileRef = EE7D1696217247BA0060E78E /* HUD.swift */; };
		EE7D169A2173673B0060E78E /* PointCalculator.swift in Sources */ = {isa = PBXBuildFile; fileRef = EE7D16992173673B0060E78E /* PointCalculator.swift */; };
		EE98CB142159524300441C51 /* MoveNoWhere.swift in Sources */ = {isa = PBXBuildFile; fileRef = EE98CB132159524300441C51 /* MoveNoWhere.swift */; };
		EE98CB1621595B9200441C51 /* LevelFactory.swift in Sources */ = {isa = PBXBuildFile; fileRef = EE98CB1521595B9200441C51 /* LevelFactory.swift */; };
		EE98CB18215A7A3800441C51 /* LevelTwo.swift in Sources */ = {isa = PBXBuildFile; fileRef = EE98CB17215A7A3800441C51 /* LevelTwo.swift */; };
		EE9FD49821778BDE002E5206 /* StartUpScene.swift in Sources */ = {isa = PBXBuildFile; fileRef = EE9FD49721778BDE002E5206 /* StartUpScene.swift */; };
		EE9FD49A21778D1B002E5206 /* Button.swift in Sources */ = {isa = PBXBuildFile; fileRef = EE9FD49921778D1B002E5206 /* Button.swift */; };
		EEA23B76216685FA00B9E907 /* PlayableScene.swift in Sources */ = {isa = PBXBuildFile; fileRef = EEA23B75216685FA00B9E907 /* PlayableScene.swift */; };
		EEBFA16B218C93360047B3A3 /* CountDownTimer.swift in Sources */ = {isa = PBXBuildFile; fileRef = EEBFA16A218C93360047B3A3 /* CountDownTimer.swift */; };
		EEBFA170218CB0430047B3A3 /* HighScoreHandler.swift in Sources */ = {isa = PBXBuildFile; fileRef = EEBFA16F218CB0430047B3A3 /* HighScoreHandler.swift */; };
		EEBFA172218CB0A70047B3A3 /* UserDefaultHighScoreHandler.swift in Sources */ = {isa = PBXBuildFile; fileRef = EEBFA171218CB0A70047B3A3 /* UserDefaultHighScoreHandler.swift */; };
		EEBFA174218DC5AC0047B3A3 /* Game.swift in Sources */ = {isa = PBXBuildFile; fileRef = EEBFA173218DC5AC0047B3A3 /* Game.swift */; };
/* End PBXBuildFile section */

/* Begin PBXFileReference section */
		EE2684C22156D5AE0074F14D /* Level.swift */ = {isa = PBXFileReference; lastKnownFileType = sourcecode.swift; path = Level.swift; sourceTree = "<group>"; };
		EE2684C42156DBA90074F14D /* LevelOne.swift */ = {isa = PBXFileReference; lastKnownFileType = sourcecode.swift; path = LevelOne.swift; sourceTree = "<group>"; };
		EE2684C82157BB410074F14D /* NodeMovement.swift */ = {isa = PBXFileReference; lastKnownFileType = sourcecode.swift; path = NodeMovement.swift; sourceTree = "<group>"; };
		EE3B2DAF21791344002F0C9B /* MoveRandomlySlowly.swift */ = {isa = PBXFileReference; lastKnownFileType = sourcecode.swift; path = MoveRandomlySlowly.swift; sourceTree = "<group>"; };
		EE4989F6215BF43A00E72FA7 /* LevelThree.swift */ = {isa = PBXFileReference; lastKnownFileType = sourcecode.swift; path = LevelThree.swift; sourceTree = "<group>"; };
		EE4989F8215BF4B600E72FA7 /* LevelFour.swift */ = {isa = PBXFileReference; lastKnownFileType = sourcecode.swift; path = LevelFour.swift; sourceTree = "<group>"; };
		EE4989FA215BF4E600E72FA7 /* MoveHorizontallytSlowly.swift */ = {isa = PBXFileReference; lastKnownFileType = sourcecode.swift; path = MoveHorizontallytSlowly.swift; sourceTree = "<group>"; };
		EE4989FC215BF62D00E72FA7 /* LevelFive.swift */ = {isa = PBXFileReference; lastKnownFileType = sourcecode.swift; path = LevelFive.swift; sourceTree = "<group>"; };
		EE67C33F215BF86400048AC4 /* LevelSix.swift */ = {isa = PBXFileReference; lastKnownFileType = sourcecode.swift; path = LevelSix.swift; sourceTree = "<group>"; };
		EE67C341215BF88700048AC4 /* LevelSeven.swift */ = {isa = PBXFileReference; lastKnownFileType = sourcecode.swift; path = LevelSeven.swift; sourceTree = "<group>"; };
		EE67C343215BF8AB00048AC4 /* LevelEight.swift */ = {isa = PBXFileReference; lastKnownFileType = sourcecode.swift; path = LevelEight.swift; sourceTree = "<group>"; };
		EE68ADB42156815700903083 /* PickTheStuff.app */ = {isa = PBXFileReference; explicitFileType = wrapper.application; includeInIndex = 0; path = PickTheStuff.app; sourceTree = BUILT_PRODUCTS_DIR; };
		EE68ADB72156815700903083 /* AppDelegate.swift */ = {isa = PBXFileReference; lastKnownFileType = sourcecode.swift; path = AppDelegate.swift; sourceTree = "<group>"; };
		EE68ADBD2156815700903083 /* GameScene.swift */ = {isa = PBXFileReference; lastKnownFileType = sourcecode.swift; path = GameScene.swift; sourceTree = "<group>"; };
		EE68ADBF2156815700903083 /* GameViewController.swift */ = {isa = PBXFileReference; lastKnownFileType = sourcecode.swift; path = GameViewController.swift; sourceTree = "<group>"; };
		EE68ADC22156815700903083 /* Base */ = {isa = PBXFileReference; lastKnownFileType = file.storyboard; name = Base; path = Base.lproj/Main.storyboard; sourceTree = "<group>"; };
		EE68ADC42156815800903083 /* Assets.xcassets */ = {isa = PBXFileReference; lastKnownFileType = folder.assetcatalog; path = Assets.xcassets; sourceTree = "<group>"; };
		EE68ADC72156815800903083 /* Base */ = {isa = PBXFileReference; lastKnownFileType = file.storyboard; name = Base; path = Base.lproj/LaunchScreen.storyboard; sourceTree = "<group>"; };
		EE68ADC92156815800903083 /* Info.plist */ = {isa = PBXFileReference; lastKnownFileType = text.plist.xml; path = Info.plist; sourceTree = "<group>"; };
		EE68ADD32156B48B00903083 /* Target.swift */ = {isa = PBXFileReference; lastKnownFileType = sourcecode.swift; path = Target.swift; sourceTree = "<group>"; };
		EE7D169421721B0F0060E78E /* TimeIndicatorBar.swift */ = {isa = PBXFileReference; lastKnownFileType = sourcecode.swift; path = TimeIndicatorBar.swift; sourceTree = "<group>"; };
		EE7D1696217247BA0060E78E /* HUD.swift */ = {isa = PBXFileReference; lastKnownFileType = sourcecode.swift; path = HUD.swift; sourceTree = "<group>"; };
		EE7D16992173673B0060E78E /* PointCalculator.swift */ = {isa = PBXFileReference; lastKnownFileType = sourcecode.swift; path = PointCalculator.swift; sourceTree = "<group>"; };
		EE98CB132159524300441C51 /* MoveNoWhere.swift */ = {isa = PBXFileReference; lastKnownFileType = sourcecode.swift; path = MoveNoWhere.swift; sourceTree = "<group>"; };
		EE98CB1521595B9200441C51 /* LevelFactory.swift */ = {isa = PBXFileReference; lastKnownFileType = sourcecode.swift; path = LevelFactory.swift; sourceTree = "<group>"; };
		EE98CB17215A7A3800441C51 /* LevelTwo.swift */ = {isa = PBXFileReference; lastKnownFileType = sourcecode.swift; path = LevelTwo.swift; sourceTree = "<group>"; };
		EE9FD49721778BDE002E5206 /* StartUpScene.swift */ = {isa = PBXFileReference; lastKnownFileType = sourcecode.swift; path = StartUpScene.swift; sourceTree = "<group>"; };
		EE9FD49921778D1B002E5206 /* Button.swift */ = {isa = PBXFileReference; lastKnownFileType = sourcecode.swift; path = Button.swift; sourceTree = "<group>"; };
		EEA23B75216685FA00B9E907 /* PlayableScene.swift */ = {isa = PBXFileReference; lastKnownFileType = sourcecode.swift; path = PlayableScene.swift; sourceTree = "<group>"; };
		EEBFA16A218C93360047B3A3 /* CountDownTimer.swift */ = {isa = PBXFileReference; lastKnownFileType = sourcecode.swift; path = CountDownTimer.swift; sourceTree = "<group>"; };
		EEBFA16F218CB0430047B3A3 /* HighScoreHandler.swift */ = {isa = PBXFileReference; lastKnownFileType = sourcecode.swift; path = HighScoreHandler.swift; sourceTree = "<group>"; };
		EEBFA171218CB0A70047B3A3 /* UserDefaultHighScoreHandler.swift */ = {isa = PBXFileReference; lastKnownFileType = sourcecode.swift; path = UserDefaultHighScoreHandler.swift; sourceTree = "<group>"; };
		EEBFA173218DC5AC0047B3A3 /* Game.swift */ = {isa = PBXFileReference; lastKnownFileType = sourcecode.swift; path = Game.swift; sourceTree = "<group>"; };
/* End PBXFileReference section */

/* Begin PBXFrameworksBuildPhase section */
		EE68ADB12156815700903083 /* Frameworks */ = {
			isa = PBXFrameworksBuildPhase;
			buildActionMask = 2147483647;
			files = (
			);
			runOnlyForDeploymentPostprocessing = 0;
		};
/* End PBXFrameworksBuildPhase section */

/* Begin PBXGroup section */
		EE2684C12156D5A40074F14D /* Levels */ = {
			isa = PBXGroup;
			children = (
				EE2684C22156D5AE0074F14D /* Level.swift */,
				EE2684C42156DBA90074F14D /* LevelOne.swift */,
				EE98CB1521595B9200441C51 /* LevelFactory.swift */,
				EE98CB17215A7A3800441C51 /* LevelTwo.swift */,
				EE4989F6215BF43A00E72FA7 /* LevelThree.swift */,
				EE4989F8215BF4B600E72FA7 /* LevelFour.swift */,
				EE4989FC215BF62D00E72FA7 /* LevelFive.swift */,
				EE67C33F215BF86400048AC4 /* LevelSix.swift */,
				EE67C341215BF88700048AC4 /* LevelSeven.swift */,
				EE67C343215BF8AB00048AC4 /* LevelEight.swift */,
			);
			path = Levels;
			sourceTree = "<group>";
		};
		EE68ADAB2156815700903083 = {
			isa = PBXGroup;
			children = (
				EE68ADB62156815700903083 /* PickMeUp */,
				EE68ADB52156815700903083 /* Products */,
			);
			sourceTree = "<group>";
		};
		EE68ADB52156815700903083 /* Products */ = {
			isa = PBXGroup;
			children = (
				EE68ADB42156815700903083 /* PickTheStuff.app */,
			);
			name = Products;
			sourceTree = "<group>";
		};
		EE68ADB62156815700903083 /* PickMeUp */ = {
			isa = PBXGroup;
			children = (
				EE7D16982173672E0060E78E /* Utils */,
				EEC7AD68215E20BB005176DE /* NodeMovements */,
				EE2684C12156D5A40074F14D /* Levels */,
				EE68ADD22156B48200903083 /* Nodes */,
				EE68ADCF215682AB00903083 /* Scenes */,
				EE68ADB72156815700903083 /* AppDelegate.swift */,
				EE68ADBF2156815700903083 /* GameViewController.swift */,
				EE68ADC12156815700903083 /* Main.storyboard */,
				EE68ADC42156815800903083 /* Assets.xcassets */,
				EE68ADC62156815800903083 /* LaunchScreen.storyboard */,
				EE68ADC92156815800903083 /* Info.plist */,
			);
			path = PickMeUp;
			sourceTree = "<group>";
		};
		EE68ADCF215682AB00903083 /* Scenes */ = {
			isa = PBXGroup;
			children = (
				EE68ADBD2156815700903083 /* GameScene.swift */,
				EEA23B75216685FA00B9E907 /* PlayableScene.swift */,
				EE9FD49721778BDE002E5206 /* StartUpScene.swift */,
			);
			path = Scenes;
			sourceTree = "<group>";
		};
		EE68ADD22156B48200903083 /* Nodes */ = {
			isa = PBXGroup;
			children = (
				EE68ADD32156B48B00903083 /* Target.swift */,
				EE7D169421721B0F0060E78E /* TimeIndicatorBar.swift */,
				EE7D1696217247BA0060E78E /* HUD.swift */,
				EE9FD49921778D1B002E5206 /* Button.swift */,
				EEBFA16A218C93360047B3A3 /* CountDownTimer.swift */,
			);
			path = Nodes;
			sourceTree = "<group>";
		};
		EE7D16982173672E0060E78E /* Utils */ = {
			isa = PBXGroup;
			children = (
				EEBFA16E218CAFFC0047B3A3 /* HighScores */,
				EE7D16992173673B0060E78E /* PointCalculator.swift */,
				EEBFA173218DC5AC0047B3A3 /* Game.swift */,
			);
			path = Utils;
			sourceTree = "<group>";
		};
		EEBFA16E218CAFFC0047B3A3 /* HighScores */ = {
			isa = PBXGroup;
			children = (
				EEBFA16F218CB0430047B3A3 /* HighScoreHandler.swift */,
				EEBFA171218CB0A70047B3A3 /* UserDefaultHighScoreHandler.swift */,
			);
			path = HighScores;
			sourceTree = "<group>";
		};
		EEC7AD68215E20BB005176DE /* NodeMovements */ = {
			isa = PBXGroup;
			children = (
				EE2684C82157BB410074F14D /* NodeMovement.swift */,
				EE98CB132159524300441C51 /* MoveNoWhere.swift */,
				EE4989FA215BF4E600E72FA7 /* MoveHorizontallytSlowly.swift */,
				EE3B2DAF21791344002F0C9B /* MoveRandomlySlowly.swift */,
			);
			path = NodeMovements;
			sourceTree = "<group>";
		};
/* End PBXGroup section */

/* Begin PBXNativeTarget section */
		EE68ADB32156815700903083 /* PickTheStuff */ = {
			isa = PBXNativeTarget;
			buildConfigurationList = EE68ADCC2156815800903083 /* Build configuration list for PBXNativeTarget "PickTheStuff" */;
			buildPhases = (
				EE68ADB02156815700903083 /* Sources */,
				EE68ADB12156815700903083 /* Frameworks */,
				EE68ADB22156815700903083 /* Resources */,
			);
			buildRules = (
			);
			dependencies = (
			);
			name = PickTheStuff;
			productName = PickMeUp;
			productReference = EE68ADB42156815700903083 /* PickTheStuff.app */;
			productType = "com.apple.product-type.application";
		};
/* End PBXNativeTarget section */

/* Begin PBXProject section */
		EE68ADAC2156815700903083 /* Project object */ = {
			isa = PBXProject;
			attributes = {
				LastSwiftUpdateCheck = 0940;
				LastUpgradeCheck = 0940;
				ORGANIZATIONNAME = "Sami Iljin";
				TargetAttributes = {
					EE68ADB32156815700903083 = {
						CreatedOnToolsVersion = 9.4.1;
					};
				};
			};
			buildConfigurationList = EE68ADAF2156815700903083 /* Build configuration list for PBXProject "PickTheStuff" */;
			compatibilityVersion = "Xcode 9.3";
			developmentRegion = en;
			hasScannedForEncodings = 0;
			knownRegions = (
				en,
				Base,
			);
			mainGroup = EE68ADAB2156815700903083;
			productRefGroup = EE68ADB52156815700903083 /* Products */;
			projectDirPath = "";
			projectRoot = "";
			targets = (
				EE68ADB32156815700903083 /* PickTheStuff */,
			);
		};
/* End PBXProject section */

/* Begin PBXResourcesBuildPhase section */
		EE68ADB22156815700903083 /* Resources */ = {
			isa = PBXResourcesBuildPhase;
			buildActionMask = 2147483647;
			files = (
				EE68ADC32156815700903083 /* Main.storyboard in Resources */,
				EE68ADC52156815800903083 /* Assets.xcassets in Resources */,
				EE68ADC82156815800903083 /* LaunchScreen.storyboard in Resources */,
			);
			runOnlyForDeploymentPostprocessing = 0;
		};
/* End PBXResourcesBuildPhase section */

/* Begin PBXSourcesBuildPhase section */
		EE68ADB02156815700903083 /* Sources */ = {
			isa = PBXSourcesBuildPhase;
			buildActionMask = 2147483647;
			files = (
				EE2684C32156D5AE0074F14D /* Level.swift in Sources */,
				EE9FD49A21778D1B002E5206 /* Button.swift in Sources */,
				EE7D1697217247BA0060E78E /* HUD.swift in Sources */,
				EE4989F7215BF43A00E72FA7 /* LevelThree.swift in Sources */,
				EE4989F9215BF4B600E72FA7 /* LevelFour.swift in Sources */,
				EE2684C92157BB410074F14D /* NodeMovement.swift in Sources */,
				EE7D169A2173673B0060E78E /* PointCalculator.swift in Sources */,
				EE67C342215BF88700048AC4 /* LevelSeven.swift in Sources */,
				EEBFA174218DC5AC0047B3A3 /* Game.swift in Sources */,
				EE68ADBE2156815700903083 /* GameScene.swift in Sources */,
				EE9FD49821778BDE002E5206 /* StartUpScene.swift in Sources */,
				EE98CB18215A7A3800441C51 /* LevelTwo.swift in Sources */,
				EE4989FB215BF4E600E72FA7 /* MoveHorizontallytSlowly.swift in Sources */,
				EEBFA172218CB0A70047B3A3 /* UserDefaultHighScoreHandler.swift in Sources */,
				EE68ADC02156815700903083 /* GameViewController.swift in Sources */,
				EEBFA170218CB0430047B3A3 /* HighScoreHandler.swift in Sources */,
				EE2684C52156DBA90074F14D /* LevelOne.swift in Sources */,
				EE68ADD42156B48B00903083 /* Target.swift in Sources */,
				EE98CB1621595B9200441C51 /* LevelFactory.swift in Sources */,
				EEA23B76216685FA00B9E907 /* PlayableScene.swift in Sources */,
				EE98CB142159524300441C51 /* MoveNoWhere.swift in Sources */,
				EEBFA16B218C93360047B3A3 /* CountDownTimer.swift in Sources */,
				EE3B2DB021791344002F0C9B /* MoveRandomlySlowly.swift in Sources */,
				EE4989FD215BF62D00E72FA7 /* LevelFive.swift in Sources */,
				EE67C344215BF8AB00048AC4 /* LevelEight.swift in Sources */,
				EE67C340215BF86400048AC4 /* LevelSix.swift in Sources */,
				EE7D169521721B0F0060E78E /* TimeIndicatorBar.swift in Sources */,
				EE68ADB82156815700903083 /* AppDelegate.swift in Sources */,
			);
			runOnlyForDeploymentPostprocessing = 0;
		};
/* End PBXSourcesBuildPhase section */

/* Begin PBXVariantGroup section */
		EE68ADC12156815700903083 /* Main.storyboard */ = {
			isa = PBXVariantGroup;
			children = (
				EE68ADC22156815700903083 /* Base */,
			);
			name = Main.storyboard;
			sourceTree = "<group>";
		};
		EE68ADC62156815800903083 /* LaunchScreen.storyboard */ = {
			isa = PBXVariantGroup;
			children = (
				EE68ADC72156815800903083 /* Base */,
			);
			name = LaunchScreen.storyboard;
			sourceTree = "<group>";
		};
/* End PBXVariantGroup section */

/* Begin XCBuildConfiguration section */
		EE68ADCA2156815800903083 /* Debug */ = {
			isa = XCBuildConfiguration;
			buildSettings = {
				ALWAYS_SEARCH_USER_PATHS = NO;
				CLANG_ANALYZER_NONNULL = YES;
				CLANG_ANALYZER_NUMBER_OBJECT_CONVERSION = YES_AGGRESSIVE;
				CLANG_CXX_LANGUAGE_STANDARD = "gnu++14";
				CLANG_CXX_LIBRARY = "libc++";
				CLANG_ENABLE_MODULES = YES;
				CLANG_ENABLE_OBJC_ARC = YES;
				CLANG_ENABLE_OBJC_WEAK = YES;
				CLANG_WARN_BLOCK_CAPTURE_AUTORELEASING = YES;
				CLANG_WARN_BOOL_CONVERSION = YES;
				CLANG_WARN_COMMA = YES;
				CLANG_WARN_CONSTANT_CONVERSION = YES;
				CLANG_WARN_DEPRECATED_OBJC_IMPLEMENTATIONS = YES;
				CLANG_WARN_DIRECT_OBJC_ISA_USAGE = YES_ERROR;
				CLANG_WARN_DOCUMENTATION_COMMENTS = YES;
				CLANG_WARN_EMPTY_BODY = YES;
				CLANG_WARN_ENUM_CONVERSION = YES;
				CLANG_WARN_INFINITE_RECURSION = YES;
				CLANG_WARN_INT_CONVERSION = YES;
				CLANG_WARN_NON_LITERAL_NULL_CONVERSION = YES;
				CLANG_WARN_OBJC_IMPLICIT_RETAIN_SELF = YES;
				CLANG_WARN_OBJC_LITERAL_CONVERSION = YES;
				CLANG_WARN_OBJC_ROOT_CLASS = YES_ERROR;
				CLANG_WARN_RANGE_LOOP_ANALYSIS = YES;
				CLANG_WARN_STRICT_PROTOTYPES = YES;
				CLANG_WARN_SUSPICIOUS_MOVE = YES;
				CLANG_WARN_UNGUARDED_AVAILABILITY = YES_AGGRESSIVE;
				CLANG_WARN_UNREACHABLE_CODE = YES;
				CLANG_WARN__DUPLICATE_METHOD_MATCH = YES;
				CODE_SIGN_IDENTITY = "iPhone Developer";
				COPY_PHASE_STRIP = NO;
				DEBUG_INFORMATION_FORMAT = dwarf;
				ENABLE_STRICT_OBJC_MSGSEND = YES;
				ENABLE_TESTABILITY = YES;
				GCC_C_LANGUAGE_STANDARD = gnu11;
				GCC_DYNAMIC_NO_PIC = NO;
				GCC_NO_COMMON_BLOCKS = YES;
				GCC_OPTIMIZATION_LEVEL = 0;
				GCC_PREPROCESSOR_DEFINITIONS = (
					"DEBUG=1",
					"$(inherited)",
				);
				GCC_WARN_64_TO_32_BIT_CONVERSION = YES;
				GCC_WARN_ABOUT_RETURN_TYPE = YES_ERROR;
				GCC_WARN_UNDECLARED_SELECTOR = YES;
				GCC_WARN_UNINITIALIZED_AUTOS = YES_AGGRESSIVE;
				GCC_WARN_UNUSED_FUNCTION = YES;
				GCC_WARN_UNUSED_VARIABLE = YES;
				IPHONEOS_DEPLOYMENT_TARGET = 11.4;
				MTL_ENABLE_DEBUG_INFO = YES;
				ONLY_ACTIVE_ARCH = YES;
				SDKROOT = iphoneos;
				SWIFT_ACTIVE_COMPILATION_CONDITIONS = DEBUG;
				SWIFT_OPTIMIZATION_LEVEL = "-Onone";
			};
			name = Debug;
		};
		EE68ADCB2156815800903083 /* Release */ = {
			isa = XCBuildConfiguration;
			buildSettings = {
				ALWAYS_SEARCH_USER_PATHS = NO;
				CLANG_ANALYZER_NONNULL = YES;
				CLANG_ANALYZER_NUMBER_OBJECT_CONVERSION = YES_AGGRESSIVE;
				CLANG_CXX_LANGUAGE_STANDARD = "gnu++14";
				CLANG_CXX_LIBRARY = "libc++";
				CLANG_ENABLE_MODULES = YES;
				CLANG_ENABLE_OBJC_ARC = YES;
				CLANG_ENABLE_OBJC_WEAK = YES;
				CLANG_WARN_BLOCK_CAPTURE_AUTORELEASING = YES;
				CLANG_WARN_BOOL_CONVERSION = YES;
				CLANG_WARN_COMMA = YES;
				CLANG_WARN_CONSTANT_CONVERSION = YES;
				CLANG_WARN_DEPRECATED_OBJC_IMPLEMENTATIONS = YES;
				CLANG_WARN_DIRECT_OBJC_ISA_USAGE = YES_ERROR;
				CLANG_WARN_DOCUMENTATION_COMMENTS = YES;
				CLANG_WARN_EMPTY_BODY = YES;
				CLANG_WARN_ENUM_CONVERSION = YES;
				CLANG_WARN_INFINITE_RECURSION = YES;
				CLANG_WARN_INT_CONVERSION = YES;
				CLANG_WARN_NON_LITERAL_NULL_CONVERSION = YES;
				CLANG_WARN_OBJC_IMPLICIT_RETAIN_SELF = YES;
				CLANG_WARN_OBJC_LITERAL_CONVERSION = YES;
				CLANG_WARN_OBJC_ROOT_CLASS = YES_ERROR;
				CLANG_WARN_RANGE_LOOP_ANALYSIS = YES;
				CLANG_WARN_STRICT_PROTOTYPES = YES;
				CLANG_WARN_SUSPICIOUS_MOVE = YES;
				CLANG_WARN_UNGUARDED_AVAILABILITY = YES_AGGRESSIVE;
				CLANG_WARN_UNREACHABLE_CODE = YES;
				CLANG_WARN__DUPLICATE_METHOD_MATCH = YES;
				CODE_SIGN_IDENTITY = "iPhone Developer";
				COPY_PHASE_STRIP = NO;
				DEBUG_INFORMATION_FORMAT = "dwarf-with-dsym";
				ENABLE_NS_ASSERTIONS = NO;
				ENABLE_STRICT_OBJC_MSGSEND = YES;
				GCC_C_LANGUAGE_STANDARD = gnu11;
				GCC_NO_COMMON_BLOCKS = YES;
				GCC_WARN_64_TO_32_BIT_CONVERSION = YES;
				GCC_WARN_ABOUT_RETURN_TYPE = YES_ERROR;
				GCC_WARN_UNDECLARED_SELECTOR = YES;
				GCC_WARN_UNINITIALIZED_AUTOS = YES_AGGRESSIVE;
				GCC_WARN_UNUSED_FUNCTION = YES;
				GCC_WARN_UNUSED_VARIABLE = YES;
				IPHONEOS_DEPLOYMENT_TARGET = 11.4;
				MTL_ENABLE_DEBUG_INFO = NO;
				SDKROOT = iphoneos;
				SWIFT_COMPILATION_MODE = wholemodule;
				SWIFT_OPTIMIZATION_LEVEL = "-O";
				VALIDATE_PRODUCT = YES;
			};
			name = Release;
		};
		EE68ADCD2156815800903083 /* Debug */ = {
			isa = XCBuildConfiguration;
			buildSettings = {
				ASSETCATALOG_COMPILER_APPICON_NAME = AppIcon;
				CODE_SIGN_STYLE = Automatic;
				DEVELOPMENT_TEAM = DT4FYLLL62;
				INFOPLIST_FILE = PickMeUp/Info.plist;
				LD_RUNPATH_SEARCH_PATHS = (
					"$(inherited)",
					"@executable_path/Frameworks",
				);
				PRODUCT_BUNDLE_IDENTIFIER = sami.iljin.PickMeUp;
				PRODUCT_NAME = "$(TARGET_NAME)";
				SWIFT_VERSION = 4.0;
				TARGETED_DEVICE_FAMILY = "1,2";
			};
			name = Debug;
		};
		EE68ADCE2156815800903083 /* Release */ = {
			isa = XCBuildConfiguration;
			buildSettings = {
				ASSETCATALOG_COMPILER_APPICON_NAME = AppIcon;
				CODE_SIGN_STYLE = Automatic;
				DEVELOPMENT_TEAM = DT4FYLLL62;
				INFOPLIST_FILE = PickMeUp/Info.plist;
				LD_RUNPATH_SEARCH_PATHS = (
					"$(inherited)",
					"@executable_path/Frameworks",
				);
				PRODUCT_BUNDLE_IDENTIFIER = sami.iljin.PickMeUp;
				PRODUCT_NAME = "$(TARGET_NAME)";
				SWIFT_VERSION = 4.0;
				TARGETED_DEVICE_FAMILY = "1,2";
			};
			name = Release;
		};
/* End XCBuildConfiguration section */

/* Begin XCConfigurationList section */
		EE68ADAF2156815700903083 /* Build configuration list for PBXProject "PickTheStuff" */ = {
			isa = XCConfigurationList;
			buildConfigurations = (
				EE68ADCA2156815800903083 /* Debug */,
				EE68ADCB2156815800903083 /* Release */,
			);
			defaultConfigurationIsVisible = 0;
			defaultConfigurationName = Release;
		};
		EE68ADCC2156815800903083 /* Build configuration list for PBXNativeTarget "PickTheStuff" */ = {
			isa = XCConfigurationList;
			buildConfigurations = (
				EE68ADCD2156815800903083 /* Debug */,
				EE68ADCE2156815800903083 /* Release */,
			);
			defaultConfigurationIsVisible = 0;
			defaultConfigurationName = Release;
		};
/* End XCConfigurationList section */
	};
	rootObject = EE68ADAC2156815700903083 /* Project object */;
}
